{
  "name": "backend",
  "lockfileVersion": 3,
  "requires": true,
  "packages": {
    "": {
      "dependencies": {
        "plotly.js-dist": "^2.29.0"
      }
    },
    "node_modules/plotly.js-dist": {
      "version": "2.29.0",
      "resolved": "https://registry.npmjs.org/plotly.js-dist/-/plotly.js-dist-2.29.0.tgz",
      "integrity": "sha512-RwVeITXolsqZEQJfWIGJB7EABaKAQo9uf+Bz+DICftY2o4idRoD9kOmxQ5YjpbifISBf9udFhYA5FY/vINlK+g=="
    }
  }
}
